
Microsoft Visual Studio Solution File, Format Version 12.00
# Visual Studio Version 16
VisualStudioVersion = 16.0.30128.74
MinimumVisualStudioVersion = 10.0.40219.1
Project("{9A19103F-16F7-4668-BE54-9A1E7A4F7556}") = "Qis.App", "Qis.App\Qis.App.csproj", "{A355F480-E7BE-4587-AA17-152A75B812F9}"
EndProject
Project("{FAE04EC0-301F-11D3-BF4B-00C04F79EFBC}") = "Qis.App.Tests", "Qis.App.Tests\Qis.App.Tests.csproj", "{8CECC45A-F49F-4E12-8965-DBDC98E9391A}"
EndProject
Global
	GlobalSection(SolutionConfigurationPlatforms) = preSolution
		Debug|Any CPU = Debug|Any CPU
		Release|Any CPU = Release|Any CPU
	EndGlobalSection
	GlobalSection(ProjectConfigurationPlatforms) = postSolution
		{A355F480-E7BE-4587-AA17-152A75B812F9}.Debug|Any CPU.ActiveCfg = Debug|Any CPU
		{A355F480-E7BE-4587-AA17-152A75B812F9}.Debug|Any CPU.Build.0 = Debug|Any CPU
		{A355F480-E7BE-4587-AA17-152A75B812F9}.Release|Any CPU.ActiveCfg = Release|Any CPU
		{A355F480-E7BE-4587-AA17-152A75B812F9}.Release|Any CPU.Build.0 = Release|Any CPU
		{8CECC45A-F49F-4E12-8965-DBDC98E9391A}.Debug|Any CPU.ActiveCfg = Debug|Any CPU
		{8CECC45A-F49F-4E12-8965-DBDC98E9391A}.Debug|Any CPU.Build.0 = Debug|Any CPU
		{8CECC45A-F49F-4E12-8965-DBDC98E9391A}.Release|Any CPU.ActiveCfg = Release|Any CPU
		{8CECC45A-F49F-4E12-8965-DBDC98E9391A}.Release|Any CPU.Build.0 = Release|Any CPU
	EndGlobalSection
	GlobalSection(SolutionProperties) = preSolution
		HideSolutionNode = FALSE
	EndGlobalSection
	GlobalSection(ExtensibilityGlobals) = postSolution
		SolutionGuid = {80606625-3AFC-467E-9EB5-ED7EEAB6A976}
	EndGlobalSection
EndGlobal
